
Microsoft Visual Studio Solution File, Format Version 12.00
# Visual Studio Version 17
VisualStudioVersion = 17.5.33414.496
MinimumVisualStudioVersion = 10.0.40219.1
Project("{9A19103F-16F7-4668-BE54-9A1E7A4F7556}") = "21880087", "DemoRibbon\21880087.csproj", "{D1F64277-EAB7-45B5-9114-7F88A37F54C9}"
EndProject
Project("{54435603-DBB4-11D2-8724-00A0C9A8B90C}") = "21880087 Setup", "21880087 Setup\21880087 Setup.vdproj", "{460FA77A-9AED-4EEF-BB39-53B78CC3125A}"
EndProject
Global
	GlobalSection(SolutionConfigurationPlatforms) = preSolution
		Debug|Any CPU = Debug|Any CPU
		Release|Any CPU = Release|Any CPU
	EndGlobalSection
	GlobalSection(ProjectConfigurationPlatforms) = postSolution
		{D1F64277-EAB7-45B5-9114-7F88A37F54C9}.Debug|Any CPU.ActiveCfg = Debug|Any CPU
		{D1F64277-EAB7-45B5-9114-7F88A37F54C9}.Debug|Any CPU.Build.0 = Debug|Any CPU
		{D1F64277-EAB7-45B5-9114-7F88A37F54C9}.Release|Any CPU.ActiveCfg = Release|Any CPU
		{D1F64277-EAB7-45B5-9114-7F88A37F54C9}.Release|Any CPU.Build.0 = Release|Any CPU
		{460FA77A-9AED-4EEF-BB39-53B78CC3125A}.Debug|Any CPU.ActiveCfg = Debug
		{460FA77A-9AED-4EEF-BB39-53B78CC3125A}.Release|Any CPU.ActiveCfg = Release
	EndGlobalSection
	GlobalSection(SolutionProperties) = preSolution
		HideSolutionNode = FALSE
	EndGlobalSection
	GlobalSection(ExtensibilityGlobals) = postSolution
		SolutionGuid = {01D5A657-7D66-42F1-9228-FFD1693B6EA2}
	EndGlobalSection
EndGlobal
